
Microsoft Visual Studio Solution File, Format Version 12.00
# Visual Studio Version 16
VisualStudioVersion = 16.0.30907.101
MinimumVisualStudioVersion = 10.0.40219.1
Project("{FAE04EC0-301F-11D3-BF4B-00C04F79EFBC}") = "Age1", "Age1\Age1.csproj", "{1950B324-1B48-48A5-BCC9-460F42BC6D43}"
EndProject
Global
	GlobalSection(SolutionConfigurationPlatforms) = preSolution
		Debug|Any CPU = Debug|Any CPU
		Release|Any CPU = Release|Any CPU
	EndGlobalSection
	GlobalSection(ProjectConfigurationPlatforms) = postSolution
		{1950B324-1B48-48A5-BCC9-460F42BC6D43}.Debug|Any CPU.ActiveCfg = Debug|Any CPU
		{1950B324-1B48-48A5-BCC9-460F42BC6D43}.Debug|Any CPU.Build.0 = Debug|Any CPU
		{1950B324-1B48-48A5-BCC9-460F42BC6D43}.Release|Any CPU.ActiveCfg = Release|Any CPU
		{1950B324-1B48-48A5-BCC9-460F42BC6D43}.Release|Any CPU.Build.0 = Release|Any CPU
	EndGlobalSection
	GlobalSection(SolutionProperties) = preSolution
		HideSolutionNode = FALSE
	EndGlobalSection
	GlobalSection(ExtensibilityGlobals) = postSolution
		SolutionGuid = {F2B4560F-3732-485D-A8DE-5FFED0693945}
	EndGlobalSection
EndGlobal
